
Microsoft Visual Studio Solution File, Format Version 12.00
# Visual Studio 2012
Project("{FAE04EC0-301F-11D3-BF4B-00C04F79EFBC}") = "WT.Components.Authorization", "WT.Components.Authorization\WT.Components.Authorization.csproj", "{E2FBFB40-4C88-4D44-BC57-006631C05B44}"
EndProject
Project("{FAE04EC0-301F-11D3-BF4B-00C04F79EFBC}") = "WT.Components.Authorization.UnitTest", "WT.Components.Authorization.UnitTest\WT.Components.Authorization.UnitTest.csproj", "{AA4F7022-F818-4B88-8B92-38CC39BA9343}"
EndProject
Global
	GlobalSection(SolutionConfigurationPlatforms) = preSolution
		Debug|Any CPU = Debug|Any CPU
		Release|Any CPU = Release|Any CPU
	EndGlobalSection
	GlobalSection(ProjectConfigurationPlatforms) = postSolution
		{E2FBFB40-4C88-4D44-BC57-006631C05B44}.Debug|Any CPU.ActiveCfg = Debug|Any CPU
		{E2FBFB40-4C88-4D44-BC57-006631C05B44}.Debug|Any CPU.Build.0 = Debug|Any CPU
		{E2FBFB40-4C88-4D44-BC57-006631C05B44}.Release|Any CPU.ActiveCfg = Release|Any CPU
		{E2FBFB40-4C88-4D44-BC57-006631C05B44}.Release|Any CPU.Build.0 = Release|Any CPU
		{AA4F7022-F818-4B88-8B92-38CC39BA9343}.Debug|Any CPU.ActiveCfg = Debug|Any CPU
		{AA4F7022-F818-4B88-8B92-38CC39BA9343}.Debug|Any CPU.Build.0 = Debug|Any CPU
		{AA4F7022-F818-4B88-8B92-38CC39BA9343}.Release|Any CPU.ActiveCfg = Release|Any CPU
		{AA4F7022-F818-4B88-8B92-38CC39BA9343}.Release|Any CPU.Build.0 = Release|Any CPU
	EndGlobalSection
	GlobalSection(SolutionProperties) = preSolution
		HideSolutionNode = FALSE
	EndGlobalSection
EndGlobal
